// !$*UTF8*$!
{
	archiveVersion = 1;
	classes = {
	};
	objectVersion = 50;
	objects = {

/* Begin PBXBuildFile section */
		5F010D8524CBCAB300F8E0AC /* Alert.swift in Sources */ = {isa = PBXBuildFile; fileRef = 5F010D8424CBCAB300F8E0AC /* Alert.swift */; };
		5F010D8724CC071E00F8E0AC /* Constants.swift in Sources */ = {isa = PBXBuildFile; fileRef = 5F010D8624CC071E00F8E0AC /* Constants.swift */; };
		5F010D8924CC0EE300F8E0AC /* EndPoint.swift in Sources */ = {isa = PBXBuildFile; fileRef = 5F010D8824CC0EE300F8E0AC /* EndPoint.swift */; };
		5F410E9C24C9BB40002FDD7F /* ClueViewModel.swift in Sources */ = {isa = PBXBuildFile; fileRef = 5F410E9B24C9BB40002FDD7F /* ClueViewModel.swift */; };
		5F410E9E24C9CF27002FDD7F /* String+Extension.swift in Sources */ = {isa = PBXBuildFile; fileRef = 5F410E9D24C9CF27002FDD7F /* String+Extension.swift */; };
		5F90CC9F24CAFD3D002CC950 /* bensound-creativeminds.mp3 in Resources */ = {isa = PBXBuildFile; fileRef = 5F90CC9E24CAFD3D002CC950 /* bensound-creativeminds.mp3 */; };
		5F90CCA124CAFD5D002CC950 /* bensound-ukulele.mp3 in Resources */ = {isa = PBXBuildFile; fileRef = 5F90CCA024CAFD5D002CC950 /* bensound-ukulele.mp3 */; };
		5F90CCA324CB29B7002CC950 /* CustomView.swift in Sources */ = {isa = PBXBuildFile; fileRef = 5F90CCA224CB29B7002CC950 /* CustomView.swift */; };
		5FFDAC5124CA3A01001D1081 /* AnswerTableViewCell.swift in Sources */ = {isa = PBXBuildFile; fileRef = 5FFDAC4F24CA3A01001D1081 /* AnswerTableViewCell.swift */; };
		5FFDAC5224CA3A01001D1081 /* AnswerTableViewCell.xib in Resources */ = {isa = PBXBuildFile; fileRef = 5FFDAC5024CA3A01001D1081 /* AnswerTableViewCell.xib */; };
		5FFDAC5824CA5C5C001D1081 /* UIView+Extension.swift in Sources */ = {isa = PBXBuildFile; fileRef = 5FFDAC5424CA5C5B001D1081 /* UIView+Extension.swift */; };
		5FFDAC5924CA5C5C001D1081 /* UIButton+Extension.swift in Sources */ = {isa = PBXBuildFile; fileRef = 5FFDAC5524CA5C5B001D1081 /* UIButton+Extension.swift */; };
		C3DF5B7724C2549400F6D3EC /* AppDelegate.swift in Sources */ = {isa = PBXBuildFile; fileRef = C3DF5B7624C2549400F6D3EC /* AppDelegate.swift */; };
		C3DF5B7924C2549400F6D3EC /* SceneDelegate.swift in Sources */ = {isa = PBXBuildFile; fileRef = C3DF5B7824C2549400F6D3EC /* SceneDelegate.swift */; };
		C3DF5B7B24C2549400F6D3EC /* ViewController.swift in Sources */ = {isa = PBXBuildFile; fileRef = C3DF5B7A24C2549400F6D3EC /* ViewController.swift */; };
		C3DF5B7E24C2549400F6D3EC /* Main.storyboard in Resources */ = {isa = PBXBuildFile; fileRef = C3DF5B7C24C2549400F6D3EC /* Main.storyboard */; };
		C3DF5B8324C2549A00F6D3EC /* Assets.xcassets in Resources */ = {isa = PBXBuildFile; fileRef = C3DF5B8224C2549A00F6D3EC /* Assets.xcassets */; };
		C3DF5B8624C2549A00F6D3EC /* LaunchScreen.storyboard in Resources */ = {isa = PBXBuildFile; fileRef = C3DF5B8424C2549A00F6D3EC /* LaunchScreen.storyboard */; };
		C3DF5BAE24C25E1A00F6D3EC /* NetworkingHandler.swift in Sources */ = {isa = PBXBuildFile; fileRef = C3DF5BAD24C25E1A00F6D3EC /* NetworkingHandler.swift */; };
		C3DF5BB024C260A600F6D3EC /* Clue.swift in Sources */ = {isa = PBXBuildFile; fileRef = C3DF5BAF24C260A600F6D3EC /* Clue.swift */; };
		C3FBE53624C2877C00D11A30 /* SoundManager.swift in Sources */ = {isa = PBXBuildFile; fileRef = C3FBE53524C2877C00D11A30 /* SoundManager.swift */; };
		C3FBE53824C4DEA300D11A30 /* ImageCache.swift in Sources */ = {isa = PBXBuildFile; fileRef = C3FBE53724C4DEA300D11A30 /* ImageCache.swift */; };
/* End PBXBuildFile section */

/* Begin PBXFileReference section */
		5F010D8424CBCAB300F8E0AC /* Alert.swift */ = {isa = PBXFileReference; fileEncoding = 4; lastKnownFileType = sourcecode.swift; path = Alert.swift; sourceTree = "<group>"; };
		5F010D8624CC071E00F8E0AC /* Constants.swift */ = {isa = PBXFileReference; lastKnownFileType = sourcecode.swift; path = Constants.swift; sourceTree = "<group>"; };
		5F010D8824CC0EE300F8E0AC /* EndPoint.swift */ = {isa = PBXFileReference; lastKnownFileType = sourcecode.swift; path = EndPoint.swift; sourceTree = "<group>"; };
		5F410E9B24C9BB40002FDD7F /* ClueViewModel.swift */ = {isa = PBXFileReference; lastKnownFileType = sourcecode.swift; path = ClueViewModel.swift; sourceTree = "<group>"; };
		5F410E9D24C9CF27002FDD7F /* String+Extension.swift */ = {isa = PBXFileReference; lastKnownFileType = sourcecode.swift; path = "String+Extension.swift"; sourceTree = "<group>"; };
		5F90CC9E24CAFD3D002CC950 /* bensound-creativeminds.mp3 */ = {isa = PBXFileReference; lastKnownFileType = audio.mp3; name = "bensound-creativeminds.mp3"; path = "Assets.xcassets/bensound-creativeminds.dataset/bensound-creativeminds.mp3"; sourceTree = "<group>"; };
		5F90CCA024CAFD5D002CC950 /* bensound-ukulele.mp3 */ = {isa = PBXFileReference; lastKnownFileType = audio.mp3; name = "bensound-ukulele.mp3"; path = "Assets.xcassets/bensound-ukulele.dataset/bensound-ukulele.mp3"; sourceTree = "<group>"; };
		5F90CCA224CB29B7002CC950 /* CustomView.swift */ = {isa = PBXFileReference; fileEncoding = 4; lastKnownFileType = sourcecode.swift; path = CustomView.swift; sourceTree = "<group>"; };
		5FFDAC4F24CA3A01001D1081 /* AnswerTableViewCell.swift */ = {isa = PBXFileReference; lastKnownFileType = sourcecode.swift; path = AnswerTableViewCell.swift; sourceTree = "<group>"; };
		5FFDAC5024CA3A01001D1081 /* AnswerTableViewCell.xib */ = {isa = PBXFileReference; lastKnownFileType = file.xib; path = AnswerTableViewCell.xib; sourceTree = "<group>"; };
		5FFDAC5424CA5C5B001D1081 /* UIView+Extension.swift */ = {isa = PBXFileReference; fileEncoding = 4; lastKnownFileType = sourcecode.swift; path = "UIView+Extension.swift"; sourceTree = "<group>"; };
		5FFDAC5524CA5C5B001D1081 /* UIButton+Extension.swift */ = {isa = PBXFileReference; fileEncoding = 4; lastKnownFileType = sourcecode.swift; path = "UIButton+Extension.swift"; sourceTree = "<group>"; };
		C3DF5B7324C2549400F6D3EC /* jQuiz.app */ = {isa = PBXFileReference; explicitFileType = wrapper.application; includeInIndex = 0; path = jQuiz.app; sourceTree = BUILT_PRODUCTS_DIR; };
		C3DF5B7624C2549400F6D3EC /* AppDelegate.swift */ = {isa = PBXFileReference; lastKnownFileType = sourcecode.swift; path = AppDelegate.swift; sourceTree = "<group>"; };
		C3DF5B7824C2549400F6D3EC /* SceneDelegate.swift */ = {isa = PBXFileReference; lastKnownFileType = sourcecode.swift; path = SceneDelegate.swift; sourceTree = "<group>"; };
		C3DF5B7A24C2549400F6D3EC /* ViewController.swift */ = {isa = PBXFileReference; lastKnownFileType = sourcecode.swift; path = ViewController.swift; sourceTree = "<group>"; };
		C3DF5B7D24C2549400F6D3EC /* Base */ = {isa = PBXFileReference; lastKnownFileType = file.storyboard; name = Base; path = Base.lproj/Main.storyboard; sourceTree = "<group>"; };
		C3DF5B8224C2549A00F6D3EC /* Assets.xcassets */ = {isa = PBXFileReference; lastKnownFileType = folder.assetcatalog; path = Assets.xcassets; sourceTree = "<group>"; };
		C3DF5B8524C2549A00F6D3EC /* Base */ = {isa = PBXFileReference; lastKnownFileType = file.storyboard; name = Base; path = Base.lproj/LaunchScreen.storyboard; sourceTree = "<group>"; };
		C3DF5B8724C2549A00F6D3EC /* Info.plist */ = {isa = PBXFileReference; lastKnownFileType = text.plist.xml; path = Info.plist; sourceTree = "<group>"; };
		C3DF5BAD24C25E1A00F6D3EC /* NetworkingHandler.swift */ = {isa = PBXFileReference; lastKnownFileType = sourcecode.swift; path = NetworkingHandler.swift; sourceTree = "<group>"; };
		C3DF5BAF24C260A600F6D3EC /* Clue.swift */ = {isa = PBXFileReference; lastKnownFileType = sourcecode.swift; path = Clue.swift; sourceTree = "<group>"; };
		C3FBE53524C2877C00D11A30 /* SoundManager.swift */ = {isa = PBXFileReference; lastKnownFileType = sourcecode.swift; path = SoundManager.swift; sourceTree = "<group>"; };
		C3FBE53724C4DEA300D11A30 /* ImageCache.swift */ = {isa = PBXFileReference; lastKnownFileType = sourcecode.swift; path = ImageCache.swift; sourceTree = "<group>"; };
/* End PBXFileReference section */

/* Begin PBXFrameworksBuildPhase section */
		C3DF5B7024C2549400F6D3EC /* Frameworks */ = {
			isa = PBXFrameworksBuildPhase;
			buildActionMask = 2147483647;
			files = (
			);
			runOnlyForDeploymentPostprocessing = 0;
		};
/* End PBXFrameworksBuildPhase section */

/* Begin PBXGroup section */
		5FC51DE124CF35BF001B30DC /* ViewControllers */ = {
			isa = PBXGroup;
			children = (
				C3DF5B7A24C2549400F6D3EC /* ViewController.swift */,
			);
			path = ViewControllers;
			sourceTree = "<group>";
		};
		5FC51DE224CF35DF001B30DC /* Network */ = {
			isa = PBXGroup;
			children = (
				C3DF5BAD24C25E1A00F6D3EC /* NetworkingHandler.swift */,
				C3FBE53724C4DEA300D11A30 /* ImageCache.swift */,
				5F010D8824CC0EE300F8E0AC /* EndPoint.swift */,
			);
			path = Network;
			sourceTree = "<group>";
		};
		5FC51DE324CF35EB001B30DC /* Audio */ = {
			isa = PBXGroup;
			children = (
				C3FBE53524C2877C00D11A30 /* SoundManager.swift */,
			);
			path = Audio;
			sourceTree = "<group>";
		};
		5FC51DE424CF361F001B30DC /* Model */ = {
			isa = PBXGroup;
			children = (
				C3DF5BAF24C260A600F6D3EC /* Clue.swift */,
			);
			path = Model;
			sourceTree = "<group>";
		};
		5FC51DE524CF362D001B30DC /* View */ = {
			isa = PBXGroup;
			children = (
				5FC51DE624CF363A001B30DC /* Cell */,
				C3DF5B7C24C2549400F6D3EC /* Main.storyboard */,
			);
			path = View;
			sourceTree = "<group>";
		};
		5FC51DE624CF363A001B30DC /* Cell */ = {
			isa = PBXGroup;
			children = (
				5FFDAC4F24CA3A01001D1081 /* AnswerTableViewCell.swift */,
				5FFDAC5024CA3A01001D1081 /* AnswerTableViewCell.xib */,
			);
			path = Cell;
			sourceTree = "<group>";
		};
		5FC51DE724CF3663001B30DC /* ViewModel */ = {
			isa = PBXGroup;
			children = (
				5F410E9B24C9BB40002FDD7F /* ClueViewModel.swift */,
			);
			path = ViewModel;
			sourceTree = "<group>";
		};
		5FC51DE824CF3675001B30DC /* Constants */ = {
			isa = PBXGroup;
			children = (
				5F010D8624CC071E00F8E0AC /* Constants.swift */,
			);
			path = Constants;
			sourceTree = "<group>";
		};
		5FFDAC5324CA5C46001D1081 /* Extensions */ = {
			isa = PBXGroup;
			children = (
				5F410E9D24C9CF27002FDD7F /* String+Extension.swift */,
				5F010D8424CBCAB300F8E0AC /* Alert.swift */,
				5F90CCA224CB29B7002CC950 /* CustomView.swift */,
				5FFDAC5524CA5C5B001D1081 /* UIButton+Extension.swift */,
				5FFDAC5424CA5C5B001D1081 /* UIView+Extension.swift */,
			);
			path = Extensions;
			sourceTree = "<group>";
		};
		C3DF5B6A24C2549400F6D3EC = {
			isa = PBXGroup;
			children = (
				C3DF5B7524C2549400F6D3EC /* jQuiz */,
				C3DF5B7424C2549400F6D3EC /* Products */,
			);
			sourceTree = "<group>";
		};
		C3DF5B7424C2549400F6D3EC /* Products */ = {
			isa = PBXGroup;
			children = (
				C3DF5B7324C2549400F6D3EC /* jQuiz.app */,
			);
			name = Products;
			sourceTree = "<group>";
		};
		C3DF5B7524C2549400F6D3EC /* jQuiz */ = {
			isa = PBXGroup;
			children = (
				C3DF5BA924C254A800F6D3EC /* AppDelegate */,
				5FC51DE124CF35BF001B30DC /* ViewControllers */,
				5FC51DE224CF35DF001B30DC /* Network */,
				5FC51DE324CF35EB001B30DC /* Audio */,
				5FC51DE824CF3675001B30DC /* Constants */,
				5FC51DE424CF361F001B30DC /* Model */,
				5FC51DE524CF362D001B30DC /* View */,
				5FFDAC5324CA5C46001D1081 /* Extensions */,
				5FC51DE724CF3663001B30DC /* ViewModel */,
				C3DF5B8424C2549A00F6D3EC /* LaunchScreen.storyboard */,
				C3DF5BAC24C256D600F6D3EC /* Assets */,
				C3DF5B8724C2549A00F6D3EC /* Info.plist */,
			);
			path = jQuiz;
			sourceTree = "<group>";
		};
		C3DF5BA924C254A800F6D3EC /* AppDelegate */ = {
			isa = PBXGroup;
			children = (
				C3DF5B7624C2549400F6D3EC /* AppDelegate.swift */,
				C3DF5B7824C2549400F6D3EC /* SceneDelegate.swift */,
			);
			path = AppDelegate;
			sourceTree = "<group>";
		};
		C3DF5BAC24C256D600F6D3EC /* Assets */ = {
			isa = PBXGroup;
			children = (
				5F90CCA024CAFD5D002CC950 /* bensound-ukulele.mp3 */,
				5F90CC9E24CAFD3D002CC950 /* bensound-creativeminds.mp3 */,
				C3DF5B8224C2549A00F6D3EC /* Assets.xcassets */,
			);
			path = Assets;
			sourceTree = "<group>";
		};
/* End PBXGroup section */

/* Begin PBXNativeTarget section */
		C3DF5B7224C2549400F6D3EC /* jQuiz */ = {
			isa = PBXNativeTarget;
			buildConfigurationList = C3DF5BA024C2549A00F6D3EC /* Build configuration list for PBXNativeTarget "jQuiz" */;
			buildPhases = (
				C3DF5B6F24C2549400F6D3EC /* Sources */,
				C3DF5B7024C2549400F6D3EC /* Frameworks */,
				C3DF5B7124C2549400F6D3EC /* Resources */,
			);
			buildRules = (
			);
			dependencies = (
			);
			name = jQuiz;
			packageProductDependencies = (
			);
			productName = jQuiz;
			productReference = C3DF5B7324C2549400F6D3EC /* jQuiz.app */;
			productType = "com.apple.product-type.application";
		};
/* End PBXNativeTarget section */

/* Begin PBXProject section */
		C3DF5B6B24C2549400F6D3EC /* Project object */ = {
			isa = PBXProject;
			attributes = {
				LastSwiftUpdateCheck = 1160;
				LastUpgradeCheck = 1160;
				ORGANIZATIONNAME = "Jay Strawn";
				TargetAttributes = {
					C3DF5B7224C2549400F6D3EC = {
						CreatedOnToolsVersion = 11.6;
					};
				};
			};
			buildConfigurationList = C3DF5B6E24C2549400F6D3EC /* Build configuration list for PBXProject "jQuiz" */;
			compatibilityVersion = "Xcode 9.3";
			developmentRegion = en;
			hasScannedForEncodings = 0;
			knownRegions = (
				en,
				Base,
			);
			mainGroup = C3DF5B6A24C2549400F6D3EC;
			packageReferences = (
			);
			productRefGroup = C3DF5B7424C2549400F6D3EC /* Products */;
			projectDirPath = "";
			projectRoot = "";
			targets = (
				C3DF5B7224C2549400F6D3EC /* jQuiz */,
			);
		};
/* End PBXProject section */

/* Begin PBXResourcesBuildPhase section */
		C3DF5B7124C2549400F6D3EC /* Resources */ = {
			isa = PBXResourcesBuildPhase;
			buildActionMask = 2147483647;
			files = (
				C3DF5B8624C2549A00F6D3EC /* LaunchScreen.storyboard in Resources */,
				C3DF5B8324C2549A00F6D3EC /* Assets.xcassets in Resources */,
				5F90CCA124CAFD5D002CC950 /* bensound-ukulele.mp3 in Resources */,
				5F90CC9F24CAFD3D002CC950 /* bensound-creativeminds.mp3 in Resources */,
				5FFDAC5224CA3A01001D1081 /* AnswerTableViewCell.xib in Resources */,
				C3DF5B7E24C2549400F6D3EC /* Main.storyboard in Resources */,
			);
			runOnlyForDeploymentPostprocessing = 0;
		};
/* End PBXResourcesBuildPhase section */

/* Begin PBXSourcesBuildPhase section */
		C3DF5B6F24C2549400F6D3EC /* Sources */ = {
			isa = PBXSourcesBuildPhase;
			buildActionMask = 2147483647;
			files = (
				5F90CCA324CB29B7002CC950 /* CustomView.swift in Sources */,
				5F010D8724CC071E00F8E0AC /* Constants.swift in Sources */,
				5FFDAC5824CA5C5C001D1081 /* UIView+Extension.swift in Sources */,
				C3DF5BAE24C25E1A00F6D3EC /* NetworkingHandler.swift in Sources */,
				5F010D8524CBCAB300F8E0AC /* Alert.swift in Sources */,
				5F410E9E24C9CF27002FDD7F /* String+Extension.swift in Sources */,
				5F410E9C24C9BB40002FDD7F /* ClueViewModel.swift in Sources */,
				5FFDAC5124CA3A01001D1081 /* AnswerTableViewCell.swift in Sources */,
				5FFDAC5924CA5C5C001D1081 /* UIButton+Extension.swift in Sources */,
				C3DF5B7B24C2549400F6D3EC /* ViewController.swift in Sources */,
				C3DF5B7724C2549400F6D3EC /* AppDelegate.swift in Sources */,
				5F010D8924CC0EE300F8E0AC /* EndPoint.swift in Sources */,
				C3DF5B7924C2549400F6D3EC /* SceneDelegate.swift in Sources */,
				C3DF5BB024C260A600F6D3EC /* Clue.swift in Sources */,
				C3FBE53824C4DEA300D11A30 /* ImageCache.swift in Sources */,
				C3FBE53624C2877C00D11A30 /* SoundManager.swift in Sources */,
			);
			runOnlyForDeploymentPostprocessing = 0;
		};
/* End PBXSourcesBuildPhase section */

/* Begin PBXVariantGroup section */
		C3DF5B7C24C2549400F6D3EC /* Main.storyboard */ = {
			isa = PBXVariantGroup;
			children = (
				C3DF5B7D24C2549400F6D3EC /* Base */,
			);
			name = Main.storyboard;
			sourceTree = "<group>";
		};
		C3DF5B8424C2549A00F6D3EC /* LaunchScreen.storyboard */ = {
			isa = PBXVariantGroup;
			children = (
				C3DF5B8524C2549A00F6D3EC /* Base */,
			);
			name = LaunchScreen.storyboard;
			sourceTree = "<group>";
		};
/* End PBXVariantGroup section */

/* Begin XCBuildConfiguration section */
		C3DF5B9E24C2549A00F6D3EC /* Debug */ = {
			isa = XCBuildConfiguration;
			buildSettings = {
				ALWAYS_SEARCH_USER_PATHS = NO;
				CLANG_ANALYZER_NONNULL = YES;
				CLANG_ANALYZER_NUMBER_OBJECT_CONVERSION = YES_AGGRESSIVE;
				CLANG_CXX_LANGUAGE_STANDARD = "gnu++14";
				CLANG_CXX_LIBRARY = "libc++";
				CLANG_ENABLE_MODULES = YES;
				CLANG_ENABLE_OBJC_ARC = YES;
				CLANG_ENABLE_OBJC_WEAK = YES;
				CLANG_WARN_BLOCK_CAPTURE_AUTORELEASING = YES;
				CLANG_WARN_BOOL_CONVERSION = YES;
				CLANG_WARN_COMMA = YES;
				CLANG_WARN_CONSTANT_CONVERSION = YES;
				CLANG_WARN_DEPRECATED_OBJC_IMPLEMENTATIONS = YES;
				CLANG_WARN_DIRECT_OBJC_ISA_USAGE = YES_ERROR;
				CLANG_WARN_DOCUMENTATION_COMMENTS = YES;
				CLANG_WARN_EMPTY_BODY = YES;
				CLANG_WARN_ENUM_CONVERSION = YES;
				CLANG_WARN_INFINITE_RECURSION = YES;
				CLANG_WARN_INT_CONVERSION = YES;
				CLANG_WARN_NON_LITERAL_NULL_CONVERSION = YES;
				CLANG_WARN_OBJC_IMPLICIT_RETAIN_SELF = YES;
				CLANG_WARN_OBJC_LITERAL_CONVERSION = YES;
				CLANG_WARN_OBJC_ROOT_CLASS = YES_ERROR;
				CLANG_WARN_RANGE_LOOP_ANALYSIS = YES;
				CLANG_WARN_STRICT_PROTOTYPES = YES;
				CLANG_WARN_SUSPICIOUS_MOVE = YES;
				CLANG_WARN_UNGUARDED_AVAILABILITY = YES_AGGRESSIVE;
				CLANG_WARN_UNREACHABLE_CODE = YES;
				CLANG_WARN__DUPLICATE_METHOD_MATCH = YES;
				COPY_PHASE_STRIP = NO;
				DEBUG_INFORMATION_FORMAT = dwarf;
				ENABLE_STRICT_OBJC_MSGSEND = YES;
				ENABLE_TESTABILITY = YES;
				GCC_C_LANGUAGE_STANDARD = gnu11;
				GCC_DYNAMIC_NO_PIC = NO;
				GCC_NO_COMMON_BLOCKS = YES;
				GCC_OPTIMIZATION_LEVEL = 0;
				GCC_PREPROCESSOR_DEFINITIONS = (
					"DEBUG=1",
					"$(inherited)",
				);
				GCC_WARN_64_TO_32_BIT_CONVERSION = YES;
				GCC_WARN_ABOUT_RETURN_TYPE = YES_ERROR;
				GCC_WARN_UNDECLARED_SELECTOR = YES;
				GCC_WARN_UNINITIALIZED_AUTOS = YES_AGGRESSIVE;
				GCC_WARN_UNUSED_FUNCTION = YES;
				GCC_WARN_UNUSED_VARIABLE = YES;
				IPHONEOS_DEPLOYMENT_TARGET = 13.6;
				MTL_ENABLE_DEBUG_INFO = INCLUDE_SOURCE;
				MTL_FAST_MATH = YES;
				ONLY_ACTIVE_ARCH = YES;
				SDKROOT = iphoneos;
				SWIFT_ACTIVE_COMPILATION_CONDITIONS = DEBUG;
				SWIFT_OPTIMIZATION_LEVEL = "-Onone";
			};
			name = Debug;
		};
		C3DF5B9F24C2549A00F6D3EC /* Release */ = {
			isa = XCBuildConfiguration;
			buildSettings = {
				ALWAYS_SEARCH_USER_PATHS = NO;
				CLANG_ANALYZER_NONNULL = YES;
				CLANG_ANALYZER_NUMBER_OBJECT_CONVERSION = YES_AGGRESSIVE;
				CLANG_CXX_LANGUAGE_STANDARD = "gnu++14";
				CLANG_CXX_LIBRARY = "libc++";
				CLANG_ENABLE_MODULES = YES;
				CLANG_ENABLE_OBJC_ARC = YES;
				CLANG_ENABLE_OBJC_WEAK = YES;
				CLANG_WARN_BLOCK_CAPTURE_AUTORELEASING = YES;
				CLANG_WARN_BOOL_CONVERSION = YES;
				CLANG_WARN_COMMA = YES;
				CLANG_WARN_CONSTANT_CONVERSION = YES;
				CLANG_WARN_DEPRECATED_OBJC_IMPLEMENTATIONS = YES;
				CLANG_WARN_DIRECT_OBJC_ISA_USAGE = YES_ERROR;
				CLANG_WARN_DOCUMENTATION_COMMENTS = YES;
				CLANG_WARN_EMPTY_BODY = YES;
				CLANG_WARN_ENUM_CONVERSION = YES;
				CLANG_WARN_INFINITE_RECURSION = YES;
				CLANG_WARN_INT_CONVERSION = YES;
				CLANG_WARN_NON_LITERAL_NULL_CONVERSION = YES;
				CLANG_WARN_OBJC_IMPLICIT_RETAIN_SELF = YES;
				CLANG_WARN_OBJC_LITERAL_CONVERSION = YES;
				CLANG_WARN_OBJC_ROOT_CLASS = YES_ERROR;
				CLANG_WARN_RANGE_LOOP_ANALYSIS = YES;
				CLANG_WARN_STRICT_PROTOTYPES = YES;
				CLANG_WARN_SUSPICIOUS_MOVE = YES;
				CLANG_WARN_UNGUARDED_AVAILABILITY = YES_AGGRESSIVE;
				CLANG_WARN_UNREACHABLE_CODE = YES;
				CLANG_WARN__DUPLICATE_METHOD_MATCH = YES;
				COPY_PHASE_STRIP = NO;
				DEBUG_INFORMATION_FORMAT = "dwarf-with-dsym";
				ENABLE_NS_ASSERTIONS = NO;
				ENABLE_STRICT_OBJC_MSGSEND = YES;
				GCC_C_LANGUAGE_STANDARD = gnu11;
				GCC_NO_COMMON_BLOCKS = YES;
				GCC_WARN_64_TO_32_BIT_CONVERSION = YES;
				GCC_WARN_ABOUT_RETURN_TYPE = YES_ERROR;
				GCC_WARN_UNDECLARED_SELECTOR = YES;
				GCC_WARN_UNINITIALIZED_AUTOS = YES_AGGRESSIVE;
				GCC_WARN_UNUSED_FUNCTION = YES;
				GCC_WARN_UNUSED_VARIABLE = YES;
				IPHONEOS_DEPLOYMENT_TARGET = 13.6;
				MTL_ENABLE_DEBUG_INFO = NO;
				MTL_FAST_MATH = YES;
				SDKROOT = iphoneos;
				SWIFT_COMPILATION_MODE = wholemodule;
				SWIFT_OPTIMIZATION_LEVEL = "-O";
				VALIDATE_PRODUCT = YES;
			};
			name = Release;
		};
		C3DF5BA124C2549A00F6D3EC /* Debug */ = {
			isa = XCBuildConfiguration;
			buildSettings = {
				ASSETCATALOG_COMPILER_APPICON_NAME = AppIcon;
				CODE_SIGN_STYLE = Automatic;
				DEVELOPMENT_TEAM = MDJHKWEU8A;
				INFOPLIST_FILE = jQuiz/Info.plist;
				LD_RUNPATH_SEARCH_PATHS = (
					"$(inherited)",
					"@executable_path/Frameworks",
				);
				PRODUCT_BUNDLE_IDENTIFIER = com.AppBantu.jQuiz;
				PRODUCT_NAME = "$(TARGET_NAME)";
				SWIFT_VERSION = 5.0;
				TARGETED_DEVICE_FAMILY = "1,2";
			};
			name = Debug;
		};
		C3DF5BA224C2549A00F6D3EC /* Release */ = {
			isa = XCBuildConfiguration;
			buildSettings = {
				ASSETCATALOG_COMPILER_APPICON_NAME = AppIcon;
				CODE_SIGN_STYLE = Automatic;
				DEVELOPMENT_TEAM = MDJHKWEU8A;
				INFOPLIST_FILE = jQuiz/Info.plist;
				LD_RUNPATH_SEARCH_PATHS = (
					"$(inherited)",
					"@executable_path/Frameworks",
				);
				PRODUCT_BUNDLE_IDENTIFIER = com.AppBantu.jQuiz;
				PRODUCT_NAME = "$(TARGET_NAME)";
				SWIFT_VERSION = 5.0;
				TARGETED_DEVICE_FAMILY = "1,2";
			};
			name = Release;
		};
/* End XCBuildConfiguration section */

/* Begin XCConfigurationList section */
		C3DF5B6E24C2549400F6D3EC /* Build configuration list for PBXProject "jQuiz" */ = {
			isa = XCConfigurationList;
			buildConfigurations = (
				C3DF5B9E24C2549A00F6D3EC /* Debug */,
				C3DF5B9F24C2549A00F6D3EC /* Release */,
			);
			defaultConfigurationIsVisible = 0;
			defaultConfigurationName = Release;
		};
		C3DF5BA024C2549A00F6D3EC /* Build configuration list for PBXNativeTarget "jQuiz" */ = {
			isa = XCConfigurationList;
			buildConfigurations = (
				C3DF5BA124C2549A00F6D3EC /* Debug */,
				C3DF5BA224C2549A00F6D3EC /* Release */,
			);
			defaultConfigurationIsVisible = 0;
			defaultConfigurationName = Release;
		};
/* End XCConfigurationList section */
	};
	rootObject = C3DF5B6B24C2549400F6D3EC /* Project object */;
}
