// !$*UTF8*$!
{
	archiveVersion = 1;
	classes = {
	};
	objectVersion = 50;
	objects = {

/* Begin PBXBuildFile section */
		5F481D3D2481204F00A921C3 /* WikiViewController.swift in Sources */ = {isa = PBXBuildFile; fileRef = 5F481D3C2481204F00A921C3 /* WikiViewController.swift */; };
		5F481D41248127AE00A921C3 /* WebKit.framework in Frameworks */ = {isa = PBXBuildFile; fileRef = 5F481D3F2481263800A921C3 /* WebKit.framework */; };
		5F53A8032482012D00F05177 /* CustomSlider.swift in Sources */ = {isa = PBXBuildFile; fileRef = 5F53A8022482012D00F05177 /* CustomSlider.swift */; };
		5F7E9C5F24814C9F00DDB5CA /* CustomButton.swift in Sources */ = {isa = PBXBuildFile; fileRef = 5F7E9C5E24814C9F00DDB5CA /* CustomButton.swift */; };
		5F9EE3782480C97800B280CB /* AppDelegate.swift in Sources */ = {isa = PBXBuildFile; fileRef = 5F9EE3772480C97800B280CB /* AppDelegate.swift */; };
		5F9EE37A2480C97800B280CB /* SceneDelegate.swift in Sources */ = {isa = PBXBuildFile; fileRef = 5F9EE3792480C97800B280CB /* SceneDelegate.swift */; };
		5F9EE37C2480C97800B280CB /* ColorViewController.swift in Sources */ = {isa = PBXBuildFile; fileRef = 5F9EE37B2480C97800B280CB /* ColorViewController.swift */; };
		5F9EE37F2480C97800B280CB /* Main.storyboard in Resources */ = {isa = PBXBuildFile; fileRef = 5F9EE37D2480C97800B280CB /* Main.storyboard */; };
		5F9EE3812480C97A00B280CB /* Assets.xcassets in Resources */ = {isa = PBXBuildFile; fileRef = 5F9EE3802480C97A00B280CB /* Assets.xcassets */; };
		5F9EE3842480C97A00B280CB /* LaunchScreen.storyboard in Resources */ = {isa = PBXBuildFile; fileRef = 5F9EE3822480C97A00B280CB /* LaunchScreen.storyboard */; };
		5F9EE38C2480D06000B280CB /* UIColor.swift in Sources */ = {isa = PBXBuildFile; fileRef = 5F9EE38B2480D06000B280CB /* UIColor.swift */; };
		5FFB320A24836D110056B381 /* UserDefaults.swift in Sources */ = {isa = PBXBuildFile; fileRef = 5FFB320924836D110056B381 /* UserDefaults.swift */; };
/* End PBXBuildFile section */

/* Begin PBXFileReference section */
		5F481D3C2481204F00A921C3 /* WikiViewController.swift */ = {isa = PBXFileReference; lastKnownFileType = sourcecode.swift; path = WikiViewController.swift; sourceTree = "<group>"; };
		5F481D3F2481263800A921C3 /* WebKit.framework */ = {isa = PBXFileReference; lastKnownFileType = wrapper.framework; name = WebKit.framework; path = System/Library/Frameworks/WebKit.framework; sourceTree = SDKROOT; };
		5F53A8022482012D00F05177 /* CustomSlider.swift */ = {isa = PBXFileReference; lastKnownFileType = sourcecode.swift; path = CustomSlider.swift; sourceTree = "<group>"; };
		5F7E9C5E24814C9F00DDB5CA /* CustomButton.swift */ = {isa = PBXFileReference; lastKnownFileType = sourcecode.swift; path = CustomButton.swift; sourceTree = "<group>"; };
		5F9EE3742480C97800B280CB /* ColorSlider.app */ = {isa = PBXFileReference; explicitFileType = wrapper.application; includeInIndex = 0; path = ColorSlider.app; sourceTree = BUILT_PRODUCTS_DIR; };
		5F9EE3772480C97800B280CB /* AppDelegate.swift */ = {isa = PBXFileReference; lastKnownFileType = sourcecode.swift; path = AppDelegate.swift; sourceTree = "<group>"; };
		5F9EE3792480C97800B280CB /* SceneDelegate.swift */ = {isa = PBXFileReference; lastKnownFileType = sourcecode.swift; path = SceneDelegate.swift; sourceTree = "<group>"; };
		5F9EE37B2480C97800B280CB /* ColorViewController.swift */ = {isa = PBXFileReference; lastKnownFileType = sourcecode.swift; path = ColorViewController.swift; sourceTree = "<group>"; };
		5F9EE37E2480C97800B280CB /* Base */ = {isa = PBXFileReference; lastKnownFileType = file.storyboard; name = Base; path = Base.lproj/Main.storyboard; sourceTree = "<group>"; };
		5F9EE3802480C97A00B280CB /* Assets.xcassets */ = {isa = PBXFileReference; lastKnownFileType = folder.assetcatalog; path = Assets.xcassets; sourceTree = "<group>"; };
		5F9EE3832480C97A00B280CB /* Base */ = {isa = PBXFileReference; lastKnownFileType = file.storyboard; name = Base; path = Base.lproj/LaunchScreen.storyboard; sourceTree = "<group>"; };
		5F9EE3852480C97A00B280CB /* Info.plist */ = {isa = PBXFileReference; lastKnownFileType = text.plist.xml; path = Info.plist; sourceTree = "<group>"; };
		5F9EE38B2480D06000B280CB /* UIColor.swift */ = {isa = PBXFileReference; lastKnownFileType = sourcecode.swift; path = UIColor.swift; sourceTree = "<group>"; };
		5FFB320924836D110056B381 /* UserDefaults.swift */ = {isa = PBXFileReference; lastKnownFileType = sourcecode.swift; path = UserDefaults.swift; sourceTree = "<group>"; };
/* End PBXFileReference section */

/* Begin PBXFrameworksBuildPhase section */
		5F9EE3712480C97800B280CB /* Frameworks */ = {
			isa = PBXFrameworksBuildPhase;
			buildActionMask = 2147483647;
			files = (
				5F481D41248127AE00A921C3 /* WebKit.framework in Frameworks */,
			);
			runOnlyForDeploymentPostprocessing = 0;
		};
/* End PBXFrameworksBuildPhase section */

/* Begin PBXGroup section */
		5F481D3E2481263800A921C3 /* Frameworks */ = {
			isa = PBXGroup;
			children = (
				5F481D3F2481263800A921C3 /* WebKit.framework */,
			);
			name = Frameworks;
			sourceTree = "<group>";
		};
		5F97035524830A3700A025E3 /* Storyboards */ = {
			isa = PBXGroup;
			children = (
				5F9EE37D2480C97800B280CB /* Main.storyboard */,
				5F9EE3822480C97A00B280CB /* LaunchScreen.storyboard */,
			);
			name = Storyboards;
			sourceTree = "<group>";
		};
		5F97035624830A6F00A025E3 /* ViewControllers */ = {
			isa = PBXGroup;
			children = (
				5F9EE37B2480C97800B280CB /* ColorViewController.swift */,
				5F481D3C2481204F00A921C3 /* WikiViewController.swift */,
			);
			name = ViewControllers;
			sourceTree = "<group>";
		};
		5F97035724830AF800A025E3 /* Supporting Files */ = {
			isa = PBXGroup;
			children = (
				5F9EE3772480C97800B280CB /* AppDelegate.swift */,
				5F9EE3792480C97800B280CB /* SceneDelegate.swift */,
				5F9EE3852480C97A00B280CB /* Info.plist */,
			);
			name = "Supporting Files";
			sourceTree = "<group>";
		};
		5F9EE36B2480C97800B280CB = {
			isa = PBXGroup;
			children = (
				5F9EE3762480C97800B280CB /* ColorSlider */,
				5F9EE3752480C97800B280CB /* Products */,
				5F481D3E2481263800A921C3 /* Frameworks */,
			);
			sourceTree = "<group>";
		};
		5F9EE3752480C97800B280CB /* Products */ = {
			isa = PBXGroup;
			children = (
				5F9EE3742480C97800B280CB /* ColorSlider.app */,
			);
			name = Products;
			sourceTree = "<group>";
		};
		5F9EE3762480C97800B280CB /* ColorSlider */ = {
			isa = PBXGroup;
			children = (
				5F97035524830A3700A025E3 /* Storyboards */,
				5F97035624830A6F00A025E3 /* ViewControllers */,
				5F97035724830AF800A025E3 /* Supporting Files */,
				5F9EE38D2480D06F00B280CB /* Extensions */,
				5F9EE3802480C97A00B280CB /* Assets.xcassets */,
			);
			path = ColorSlider;
			sourceTree = "<group>";
		};
		5F9EE38D2480D06F00B280CB /* Extensions */ = {
			isa = PBXGroup;
			children = (
				5F9EE38B2480D06000B280CB /* UIColor.swift */,
				5FFB320924836D110056B381 /* UserDefaults.swift */,
				5F7E9C5E24814C9F00DDB5CA /* CustomButton.swift */,
				5F53A8022482012D00F05177 /* CustomSlider.swift */,
			);
			path = Extensions;
			sourceTree = "<group>";
		};
/* End PBXGroup section */

/* Begin PBXNativeTarget section */
		5F9EE3732480C97800B280CB /* ColorSlider */ = {
			isa = PBXNativeTarget;
			buildConfigurationList = 5F9EE3882480C97A00B280CB /* Build configuration list for PBXNativeTarget "ColorSlider" */;
			buildPhases = (
				5F9EE3702480C97800B280CB /* Sources */,
				5F9EE3712480C97800B280CB /* Frameworks */,
				5F9EE3722480C97800B280CB /* Resources */,
			);
			buildRules = (
			);
			dependencies = (
			);
			name = ColorSlider;
			productName = ColorSlider;
			productReference = 5F9EE3742480C97800B280CB /* ColorSlider.app */;
			productType = "com.apple.product-type.application";
		};
/* End PBXNativeTarget section */

/* Begin PBXProject section */
		5F9EE36C2480C97800B280CB /* Project object */ = {
			isa = PBXProject;
			attributes = {
				LastSwiftUpdateCheck = 1150;
				LastUpgradeCheck = 1150;
				ORGANIZATIONNAME = "Franklin Byaruhanga";
				TargetAttributes = {
					5F9EE3732480C97800B280CB = {
						CreatedOnToolsVersion = 11.5;
					};
				};
			};
			buildConfigurationList = 5F9EE36F2480C97800B280CB /* Build configuration list for PBXProject "ColorSlider" */;
			compatibilityVersion = "Xcode 9.3";
			developmentRegion = en;
			hasScannedForEncodings = 0;
			knownRegions = (
				en,
				Base,
			);
			mainGroup = 5F9EE36B2480C97800B280CB;
			productRefGroup = 5F9EE3752480C97800B280CB /* Products */;
			projectDirPath = "";
			projectRoot = "";
			targets = (
				5F9EE3732480C97800B280CB /* ColorSlider */,
			);
		};
/* End PBXProject section */

/* Begin PBXResourcesBuildPhase section */
		5F9EE3722480C97800B280CB /* Resources */ = {
			isa = PBXResourcesBuildPhase;
			buildActionMask = 2147483647;
			files = (
				5F9EE3842480C97A00B280CB /* LaunchScreen.storyboard in Resources */,
				5F9EE3812480C97A00B280CB /* Assets.xcassets in Resources */,
				5F9EE37F2480C97800B280CB /* Main.storyboard in Resources */,
			);
			runOnlyForDeploymentPostprocessing = 0;
		};
/* End PBXResourcesBuildPhase section */

/* Begin PBXSourcesBuildPhase section */
		5F9EE3702480C97800B280CB /* Sources */ = {
			isa = PBXSourcesBuildPhase;
			buildActionMask = 2147483647;
			files = (
				5F9EE37C2480C97800B280CB /* ColorViewController.swift in Sources */,
				5F53A8032482012D00F05177 /* CustomSlider.swift in Sources */,
				5F9EE38C2480D06000B280CB /* UIColor.swift in Sources */,
				5F7E9C5F24814C9F00DDB5CA /* CustomButton.swift in Sources */,
				5FFB320A24836D110056B381 /* UserDefaults.swift in Sources */,
				5F9EE3782480C97800B280CB /* AppDelegate.swift in Sources */,
				5F481D3D2481204F00A921C3 /* WikiViewController.swift in Sources */,
				5F9EE37A2480C97800B280CB /* SceneDelegate.swift in Sources */,
			);
			runOnlyForDeploymentPostprocessing = 0;
		};
/* End PBXSourcesBuildPhase section */

/* Begin PBXVariantGroup section */
		5F9EE37D2480C97800B280CB /* Main.storyboard */ = {
			isa = PBXVariantGroup;
			children = (
				5F9EE37E2480C97800B280CB /* Base */,
			);
			name = Main.storyboard;
			sourceTree = "<group>";
		};
		5F9EE3822480C97A00B280CB /* LaunchScreen.storyboard */ = {
			isa = PBXVariantGroup;
			children = (
				5F9EE3832480C97A00B280CB /* Base */,
			);
			name = LaunchScreen.storyboard;
			sourceTree = "<group>";
		};
/* End PBXVariantGroup section */

/* Begin XCBuildConfiguration section */
		5F9EE3862480C97A00B280CB /* Debug */ = {
			isa = XCBuildConfiguration;
			buildSettings = {
				ALWAYS_SEARCH_USER_PATHS = NO;
				CLANG_ANALYZER_NONNULL = YES;
				CLANG_ANALYZER_NUMBER_OBJECT_CONVERSION = YES_AGGRESSIVE;
				CLANG_CXX_LANGUAGE_STANDARD = "gnu++14";
				CLANG_CXX_LIBRARY = "libc++";
				CLANG_ENABLE_MODULES = YES;
				CLANG_ENABLE_OBJC_ARC = YES;
				CLANG_ENABLE_OBJC_WEAK = YES;
				CLANG_WARN_BLOCK_CAPTURE_AUTORELEASING = YES;
				CLANG_WARN_BOOL_CONVERSION = YES;
				CLANG_WARN_COMMA = YES;
				CLANG_WARN_CONSTANT_CONVERSION = YES;
				CLANG_WARN_DEPRECATED_OBJC_IMPLEMENTATIONS = YES;
				CLANG_WARN_DIRECT_OBJC_ISA_USAGE = YES_ERROR;
				CLANG_WARN_DOCUMENTATION_COMMENTS = YES;
				CLANG_WARN_EMPTY_BODY = YES;
				CLANG_WARN_ENUM_CONVERSION = YES;
				CLANG_WARN_INFINITE_RECURSION = YES;
				CLANG_WARN_INT_CONVERSION = YES;
				CLANG_WARN_NON_LITERAL_NULL_CONVERSION = YES;
				CLANG_WARN_OBJC_IMPLICIT_RETAIN_SELF = YES;
				CLANG_WARN_OBJC_LITERAL_CONVERSION = YES;
				CLANG_WARN_OBJC_ROOT_CLASS = YES_ERROR;
				CLANG_WARN_RANGE_LOOP_ANALYSIS = YES;
				CLANG_WARN_STRICT_PROTOTYPES = YES;
				CLANG_WARN_SUSPICIOUS_MOVE = YES;
				CLANG_WARN_UNGUARDED_AVAILABILITY = YES_AGGRESSIVE;
				CLANG_WARN_UNREACHABLE_CODE = YES;
				CLANG_WARN__DUPLICATE_METHOD_MATCH = YES;
				COPY_PHASE_STRIP = NO;
				DEBUG_INFORMATION_FORMAT = dwarf;
				ENABLE_STRICT_OBJC_MSGSEND = YES;
				ENABLE_TESTABILITY = YES;
				GCC_C_LANGUAGE_STANDARD = gnu11;
				GCC_DYNAMIC_NO_PIC = NO;
				GCC_NO_COMMON_BLOCKS = YES;
				GCC_OPTIMIZATION_LEVEL = 0;
				GCC_PREPROCESSOR_DEFINITIONS = (
					"DEBUG=1",
					"$(inherited)",
				);
				GCC_WARN_64_TO_32_BIT_CONVERSION = YES;
				GCC_WARN_ABOUT_RETURN_TYPE = YES_ERROR;
				GCC_WARN_UNDECLARED_SELECTOR = YES;
				GCC_WARN_UNINITIALIZED_AUTOS = YES_AGGRESSIVE;
				GCC_WARN_UNUSED_FUNCTION = YES;
				GCC_WARN_UNUSED_VARIABLE = YES;
				IPHONEOS_DEPLOYMENT_TARGET = 13.5;
				MTL_ENABLE_DEBUG_INFO = INCLUDE_SOURCE;
				MTL_FAST_MATH = YES;
				ONLY_ACTIVE_ARCH = YES;
				SDKROOT = iphoneos;
				SWIFT_ACTIVE_COMPILATION_CONDITIONS = DEBUG;
				SWIFT_OPTIMIZATION_LEVEL = "-Onone";
			};
			name = Debug;
		};
		5F9EE3872480C97A00B280CB /* Release */ = {
			isa = XCBuildConfiguration;
			buildSettings = {
				ALWAYS_SEARCH_USER_PATHS = NO;
				CLANG_ANALYZER_NONNULL = YES;
				CLANG_ANALYZER_NUMBER_OBJECT_CONVERSION = YES_AGGRESSIVE;
				CLANG_CXX_LANGUAGE_STANDARD = "gnu++14";
				CLANG_CXX_LIBRARY = "libc++";
				CLANG_ENABLE_MODULES = YES;
				CLANG_ENABLE_OBJC_ARC = YES;
				CLANG_ENABLE_OBJC_WEAK = YES;
				CLANG_WARN_BLOCK_CAPTURE_AUTORELEASING = YES;
				CLANG_WARN_BOOL_CONVERSION = YES;
				CLANG_WARN_COMMA = YES;
				CLANG_WARN_CONSTANT_CONVERSION = YES;
				CLANG_WARN_DEPRECATED_OBJC_IMPLEMENTATIONS = YES;
				CLANG_WARN_DIRECT_OBJC_ISA_USAGE = YES_ERROR;
				CLANG_WARN_DOCUMENTATION_COMMENTS = YES;
				CLANG_WARN_EMPTY_BODY = YES;
				CLANG_WARN_ENUM_CONVERSION = YES;
				CLANG_WARN_INFINITE_RECURSION = YES;
				CLANG_WARN_INT_CONVERSION = YES;
				CLANG_WARN_NON_LITERAL_NULL_CONVERSION = YES;
				CLANG_WARN_OBJC_IMPLICIT_RETAIN_SELF = YES;
				CLANG_WARN_OBJC_LITERAL_CONVERSION = YES;
				CLANG_WARN_OBJC_ROOT_CLASS = YES_ERROR;
				CLANG_WARN_RANGE_LOOP_ANALYSIS = YES;
				CLANG_WARN_STRICT_PROTOTYPES = YES;
				CLANG_WARN_SUSPICIOUS_MOVE = YES;
				CLANG_WARN_UNGUARDED_AVAILABILITY = YES_AGGRESSIVE;
				CLANG_WARN_UNREACHABLE_CODE = YES;
				CLANG_WARN__DUPLICATE_METHOD_MATCH = YES;
				COPY_PHASE_STRIP = NO;
				DEBUG_INFORMATION_FORMAT = "dwarf-with-dsym";
				ENABLE_NS_ASSERTIONS = NO;
				ENABLE_STRICT_OBJC_MSGSEND = YES;
				GCC_C_LANGUAGE_STANDARD = gnu11;
				GCC_NO_COMMON_BLOCKS = YES;
				GCC_WARN_64_TO_32_BIT_CONVERSION = YES;
				GCC_WARN_ABOUT_RETURN_TYPE = YES_ERROR;
				GCC_WARN_UNDECLARED_SELECTOR = YES;
				GCC_WARN_UNINITIALIZED_AUTOS = YES_AGGRESSIVE;
				GCC_WARN_UNUSED_FUNCTION = YES;
				GCC_WARN_UNUSED_VARIABLE = YES;
				IPHONEOS_DEPLOYMENT_TARGET = 13.5;
				MTL_ENABLE_DEBUG_INFO = NO;
				MTL_FAST_MATH = YES;
				SDKROOT = iphoneos;
				SWIFT_COMPILATION_MODE = wholemodule;
				SWIFT_OPTIMIZATION_LEVEL = "-O";
				VALIDATE_PRODUCT = YES;
			};
			name = Release;
		};
		5F9EE3892480C97A00B280CB /* Debug */ = {
			isa = XCBuildConfiguration;
			buildSettings = {
				ASSETCATALOG_COMPILER_APPICON_NAME = AppIcon;
				CODE_SIGN_STYLE = Automatic;
				DEVELOPMENT_TEAM = MDJHKWEU8A;
				INFOPLIST_FILE = ColorSlider/Info.plist;
				LD_RUNPATH_SEARCH_PATHS = (
					"$(inherited)",
					"@executable_path/Frameworks",
				);
				PRODUCT_BUNDLE_IDENTIFIER = com.appbantu.ColorSlider;
				PRODUCT_NAME = "$(TARGET_NAME)";
				SWIFT_VERSION = 5.0;
				TARGETED_DEVICE_FAMILY = "1,2";
			};
			name = Debug;
		};
		5F9EE38A2480C97A00B280CB /* Release */ = {
			isa = XCBuildConfiguration;
			buildSettings = {
				ASSETCATALOG_COMPILER_APPICON_NAME = AppIcon;
				CODE_SIGN_STYLE = Automatic;
				DEVELOPMENT_TEAM = MDJHKWEU8A;
				INFOPLIST_FILE = ColorSlider/Info.plist;
				LD_RUNPATH_SEARCH_PATHS = (
					"$(inherited)",
					"@executable_path/Frameworks",
				);
				PRODUCT_BUNDLE_IDENTIFIER = com.appbantu.ColorSlider;
				PRODUCT_NAME = "$(TARGET_NAME)";
				SWIFT_VERSION = 5.0;
				TARGETED_DEVICE_FAMILY = "1,2";
			};
			name = Release;
		};
/* End XCBuildConfiguration section */

/* Begin XCConfigurationList section */
		5F9EE36F2480C97800B280CB /* Build configuration list for PBXProject "ColorSlider" */ = {
			isa = XCConfigurationList;
			buildConfigurations = (
				5F9EE3862480C97A00B280CB /* Debug */,
				5F9EE3872480C97A00B280CB /* Release */,
			);
			defaultConfigurationIsVisible = 0;
			defaultConfigurationName = Release;
		};
		5F9EE3882480C97A00B280CB /* Build configuration list for PBXNativeTarget "ColorSlider" */ = {
			isa = XCConfigurationList;
			buildConfigurations = (
				5F9EE3892480C97A00B280CB /* Debug */,
				5F9EE38A2480C97A00B280CB /* Release */,
			);
			defaultConfigurationIsVisible = 0;
			defaultConfigurationName = Release;
		};
/* End XCConfigurationList section */
	};
	rootObject = 5F9EE36C2480C97800B280CB /* Project object */;
}
