// !$*UTF8*$!
{
	archiveVersion = 1;
	classes = {
	};
	objectVersion = 50;
	objects = {

/* Begin PBXBuildFile section */
		5F18933624DABD87008893BB /* AppDelegate.swift in Sources */ = {isa = PBXBuildFile; fileRef = 5F18933524DABD87008893BB /* AppDelegate.swift */; };
		5F18933824DABD87008893BB /* SceneDelegate.swift in Sources */ = {isa = PBXBuildFile; fileRef = 5F18933724DABD87008893BB /* SceneDelegate.swift */; };
		5F18933A24DABD87008893BB /* ViewController.swift in Sources */ = {isa = PBXBuildFile; fileRef = 5F18933924DABD87008893BB /* ViewController.swift */; };
		5F18933D24DABD87008893BB /* Main.storyboard in Resources */ = {isa = PBXBuildFile; fileRef = 5F18933B24DABD87008893BB /* Main.storyboard */; };
		5F18933F24DABD87008893BB /* Assets.xcassets in Resources */ = {isa = PBXBuildFile; fileRef = 5F18933E24DABD87008893BB /* Assets.xcassets */; };
		5F18934224DABD87008893BB /* LaunchScreen.storyboard in Resources */ = {isa = PBXBuildFile; fileRef = 5F18934024DABD87008893BB /* LaunchScreen.storyboard */; };
		5F2F5D0E24DB34BC00E19078 /* Animator.swift in Sources */ = {isa = PBXBuildFile; fileRef = 5F2F5D0D24DB34BC00E19078 /* Animator.swift */; };
		5F2F5D1024DB501700E19078 /* RadialButtonStyle.swift in Sources */ = {isa = PBXBuildFile; fileRef = 5F2F5D0F24DB501700E19078 /* RadialButtonStyle.swift */; };
		5F2F5D1624DB53B200E19078 /* MixerMenuButton.swift in Sources */ = {isa = PBXBuildFile; fileRef = 5F2F5D1524DB53B200E19078 /* MixerMenuButton.swift */; };
		5F2F5D1824DB5D2A00E19078 /* MixerViewModel.swift in Sources */ = {isa = PBXBuildFile; fileRef = 5F2F5D1724DB5D2A00E19078 /* MixerViewModel.swift */; };
/* End PBXBuildFile section */

/* Begin PBXFileReference section */
		5F18933224DABD87008893BB /* Mixer.app */ = {isa = PBXFileReference; explicitFileType = wrapper.application; includeInIndex = 0; path = Mixer.app; sourceTree = BUILT_PRODUCTS_DIR; };
		5F18933524DABD87008893BB /* AppDelegate.swift */ = {isa = PBXFileReference; lastKnownFileType = sourcecode.swift; path = AppDelegate.swift; sourceTree = "<group>"; };
		5F18933724DABD87008893BB /* SceneDelegate.swift */ = {isa = PBXFileReference; lastKnownFileType = sourcecode.swift; path = SceneDelegate.swift; sourceTree = "<group>"; };
		5F18933924DABD87008893BB /* ViewController.swift */ = {isa = PBXFileReference; lastKnownFileType = sourcecode.swift; path = ViewController.swift; sourceTree = "<group>"; };
		5F18933C24DABD87008893BB /* Base */ = {isa = PBXFileReference; lastKnownFileType = file.storyboard; name = Base; path = Base.lproj/Main.storyboard; sourceTree = "<group>"; };
		5F18933E24DABD87008893BB /* Assets.xcassets */ = {isa = PBXFileReference; lastKnownFileType = folder.assetcatalog; path = Assets.xcassets; sourceTree = "<group>"; };
		5F18934124DABD87008893BB /* Base */ = {isa = PBXFileReference; lastKnownFileType = file.storyboard; name = Base; path = Base.lproj/LaunchScreen.storyboard; sourceTree = "<group>"; };
		5F18934324DABD87008893BB /* Info.plist */ = {isa = PBXFileReference; lastKnownFileType = text.plist.xml; path = Info.plist; sourceTree = "<group>"; };
		5F2F5D0D24DB34BC00E19078 /* Animator.swift */ = {isa = PBXFileReference; lastKnownFileType = sourcecode.swift; path = Animator.swift; sourceTree = "<group>"; };
		5F2F5D0F24DB501700E19078 /* RadialButtonStyle.swift */ = {isa = PBXFileReference; fileEncoding = 4; lastKnownFileType = sourcecode.swift; path = RadialButtonStyle.swift; sourceTree = "<group>"; };
		5F2F5D1524DB53B200E19078 /* MixerMenuButton.swift */ = {isa = PBXFileReference; lastKnownFileType = sourcecode.swift; path = MixerMenuButton.swift; sourceTree = "<group>"; };
		5F2F5D1724DB5D2A00E19078 /* MixerViewModel.swift */ = {isa = PBXFileReference; lastKnownFileType = sourcecode.swift; path = MixerViewModel.swift; sourceTree = "<group>"; };
/* End PBXFileReference section */

/* Begin PBXFrameworksBuildPhase section */
		5F18932F24DABD87008893BB /* Frameworks */ = {
			isa = PBXFrameworksBuildPhase;
			buildActionMask = 2147483647;
			files = (
			);
			runOnlyForDeploymentPostprocessing = 0;
		};
/* End PBXFrameworksBuildPhase section */

/* Begin PBXGroup section */
		5F18932924DABD87008893BB = {
			isa = PBXGroup;
			children = (
				5F18933424DABD87008893BB /* Mixer */,
				5F18933324DABD87008893BB /* Products */,
			);
			sourceTree = "<group>";
		};
		5F18933324DABD87008893BB /* Products */ = {
			isa = PBXGroup;
			children = (
				5F18933224DABD87008893BB /* Mixer.app */,
			);
			name = Products;
			sourceTree = "<group>";
		};
		5F18933424DABD87008893BB /* Mixer */ = {
			isa = PBXGroup;
			children = (
				5F18933524DABD87008893BB /* AppDelegate.swift */,
				5F18933724DABD87008893BB /* SceneDelegate.swift */,
				5F18933924DABD87008893BB /* ViewController.swift */,
				5F2F5D0F24DB501700E19078 /* RadialButtonStyle.swift */,
				5F2F5D1524DB53B200E19078 /* MixerMenuButton.swift */,
				5F2F5D1724DB5D2A00E19078 /* MixerViewModel.swift */,
				5F2F5D0D24DB34BC00E19078 /* Animator.swift */,
				5F18933B24DABD87008893BB /* Main.storyboard */,
				5F18933E24DABD87008893BB /* Assets.xcassets */,
				5F18934024DABD87008893BB /* LaunchScreen.storyboard */,
				5F18934324DABD87008893BB /* Info.plist */,
			);
			path = Mixer;
			sourceTree = "<group>";
		};
/* End PBXGroup section */

/* Begin PBXNativeTarget section */
		5F18933124DABD87008893BB /* Mixer */ = {
			isa = PBXNativeTarget;
			buildConfigurationList = 5F18934624DABD87008893BB /* Build configuration list for PBXNativeTarget "Mixer" */;
			buildPhases = (
				5F18932E24DABD87008893BB /* Sources */,
				5F18932F24DABD87008893BB /* Frameworks */,
				5F18933024DABD87008893BB /* Resources */,
			);
			buildRules = (
			);
			dependencies = (
			);
			name = Mixer;
			productName = Mixer;
			productReference = 5F18933224DABD87008893BB /* Mixer.app */;
			productType = "com.apple.product-type.application";
		};
/* End PBXNativeTarget section */

/* Begin PBXProject section */
		5F18932A24DABD87008893BB /* Project object */ = {
			isa = PBXProject;
			attributes = {
				LastSwiftUpdateCheck = 1160;
				LastUpgradeCheck = 1160;
				ORGANIZATIONNAME = "Franklin Byaruhanga";
				TargetAttributes = {
					5F18933124DABD87008893BB = {
						CreatedOnToolsVersion = 11.6;
					};
				};
			};
			buildConfigurationList = 5F18932D24DABD87008893BB /* Build configuration list for PBXProject "Mixer" */;
			compatibilityVersion = "Xcode 9.3";
			developmentRegion = en;
			hasScannedForEncodings = 0;
			knownRegions = (
				en,
				Base,
			);
			mainGroup = 5F18932924DABD87008893BB;
			productRefGroup = 5F18933324DABD87008893BB /* Products */;
			projectDirPath = "";
			projectRoot = "";
			targets = (
				5F18933124DABD87008893BB /* Mixer */,
			);
		};
/* End PBXProject section */

/* Begin PBXResourcesBuildPhase section */
		5F18933024DABD87008893BB /* Resources */ = {
			isa = PBXResourcesBuildPhase;
			buildActionMask = 2147483647;
			files = (
				5F18934224DABD87008893BB /* LaunchScreen.storyboard in Resources */,
				5F18933F24DABD87008893BB /* Assets.xcassets in Resources */,
				5F18933D24DABD87008893BB /* Main.storyboard in Resources */,
			);
			runOnlyForDeploymentPostprocessing = 0;
		};
/* End PBXResourcesBuildPhase section */

/* Begin PBXSourcesBuildPhase section */
		5F18932E24DABD87008893BB /* Sources */ = {
			isa = PBXSourcesBuildPhase;
			buildActionMask = 2147483647;
			files = (
				5F2F5D1024DB501700E19078 /* RadialButtonStyle.swift in Sources */,
				5F18933A24DABD87008893BB /* ViewController.swift in Sources */,
				5F2F5D1624DB53B200E19078 /* MixerMenuButton.swift in Sources */,
				5F2F5D1824DB5D2A00E19078 /* MixerViewModel.swift in Sources */,
				5F18933624DABD87008893BB /* AppDelegate.swift in Sources */,
				5F2F5D0E24DB34BC00E19078 /* Animator.swift in Sources */,
				5F18933824DABD87008893BB /* SceneDelegate.swift in Sources */,
			);
			runOnlyForDeploymentPostprocessing = 0;
		};
/* End PBXSourcesBuildPhase section */

/* Begin PBXVariantGroup section */
		5F18933B24DABD87008893BB /* Main.storyboard */ = {
			isa = PBXVariantGroup;
			children = (
				5F18933C24DABD87008893BB /* Base */,
			);
			name = Main.storyboard;
			sourceTree = "<group>";
		};
		5F18934024DABD87008893BB /* LaunchScreen.storyboard */ = {
			isa = PBXVariantGroup;
			children = (
				5F18934124DABD87008893BB /* Base */,
			);
			name = LaunchScreen.storyboard;
			sourceTree = "<group>";
		};
/* End PBXVariantGroup section */

/* Begin XCBuildConfiguration section */
		5F18934424DABD87008893BB /* Debug */ = {
			isa = XCBuildConfiguration;
			buildSettings = {
				ALWAYS_SEARCH_USER_PATHS = NO;
				CLANG_ANALYZER_NONNULL = YES;
				CLANG_ANALYZER_NUMBER_OBJECT_CONVERSION = YES_AGGRESSIVE;
				CLANG_CXX_LANGUAGE_STANDARD = "gnu++14";
				CLANG_CXX_LIBRARY = "libc++";
				CLANG_ENABLE_MODULES = YES;
				CLANG_ENABLE_OBJC_ARC = YES;
				CLANG_ENABLE_OBJC_WEAK = YES;
				CLANG_WARN_BLOCK_CAPTURE_AUTORELEASING = YES;
				CLANG_WARN_BOOL_CONVERSION = YES;
				CLANG_WARN_COMMA = YES;
				CLANG_WARN_CONSTANT_CONVERSION = YES;
				CLANG_WARN_DEPRECATED_OBJC_IMPLEMENTATIONS = YES;
				CLANG_WARN_DIRECT_OBJC_ISA_USAGE = YES_ERROR;
				CLANG_WARN_DOCUMENTATION_COMMENTS = YES;
				CLANG_WARN_EMPTY_BODY = YES;
				CLANG_WARN_ENUM_CONVERSION = YES;
				CLANG_WARN_INFINITE_RECURSION = YES;
				CLANG_WARN_INT_CONVERSION = YES;
				CLANG_WARN_NON_LITERAL_NULL_CONVERSION = YES;
				CLANG_WARN_OBJC_IMPLICIT_RETAIN_SELF = YES;
				CLANG_WARN_OBJC_LITERAL_CONVERSION = YES;
				CLANG_WARN_OBJC_ROOT_CLASS = YES_ERROR;
				CLANG_WARN_RANGE_LOOP_ANALYSIS = YES;
				CLANG_WARN_STRICT_PROTOTYPES = YES;
				CLANG_WARN_SUSPICIOUS_MOVE = YES;
				CLANG_WARN_UNGUARDED_AVAILABILITY = YES_AGGRESSIVE;
				CLANG_WARN_UNREACHABLE_CODE = YES;
				CLANG_WARN__DUPLICATE_METHOD_MATCH = YES;
				COPY_PHASE_STRIP = NO;
				DEBUG_INFORMATION_FORMAT = dwarf;
				ENABLE_STRICT_OBJC_MSGSEND = YES;
				ENABLE_TESTABILITY = YES;
				GCC_C_LANGUAGE_STANDARD = gnu11;
				GCC_DYNAMIC_NO_PIC = NO;
				GCC_NO_COMMON_BLOCKS = YES;
				GCC_OPTIMIZATION_LEVEL = 0;
				GCC_PREPROCESSOR_DEFINITIONS = (
					"DEBUG=1",
					"$(inherited)",
				);
				GCC_WARN_64_TO_32_BIT_CONVERSION = YES;
				GCC_WARN_ABOUT_RETURN_TYPE = YES_ERROR;
				GCC_WARN_UNDECLARED_SELECTOR = YES;
				GCC_WARN_UNINITIALIZED_AUTOS = YES_AGGRESSIVE;
				GCC_WARN_UNUSED_FUNCTION = YES;
				GCC_WARN_UNUSED_VARIABLE = YES;
				IPHONEOS_DEPLOYMENT_TARGET = 13.6;
				MTL_ENABLE_DEBUG_INFO = INCLUDE_SOURCE;
				MTL_FAST_MATH = YES;
				ONLY_ACTIVE_ARCH = YES;
				SDKROOT = iphoneos;
				SWIFT_ACTIVE_COMPILATION_CONDITIONS = DEBUG;
				SWIFT_OPTIMIZATION_LEVEL = "-Onone";
			};
			name = Debug;
		};
		5F18934524DABD87008893BB /* Release */ = {
			isa = XCBuildConfiguration;
			buildSettings = {
				ALWAYS_SEARCH_USER_PATHS = NO;
				CLANG_ANALYZER_NONNULL = YES;
				CLANG_ANALYZER_NUMBER_OBJECT_CONVERSION = YES_AGGRESSIVE;
				CLANG_CXX_LANGUAGE_STANDARD = "gnu++14";
				CLANG_CXX_LIBRARY = "libc++";
				CLANG_ENABLE_MODULES = YES;
				CLANG_ENABLE_OBJC_ARC = YES;
				CLANG_ENABLE_OBJC_WEAK = YES;
				CLANG_WARN_BLOCK_CAPTURE_AUTORELEASING = YES;
				CLANG_WARN_BOOL_CONVERSION = YES;
				CLANG_WARN_COMMA = YES;
				CLANG_WARN_CONSTANT_CONVERSION = YES;
				CLANG_WARN_DEPRECATED_OBJC_IMPLEMENTATIONS = YES;
				CLANG_WARN_DIRECT_OBJC_ISA_USAGE = YES_ERROR;
				CLANG_WARN_DOCUMENTATION_COMMENTS = YES;
				CLANG_WARN_EMPTY_BODY = YES;
				CLANG_WARN_ENUM_CONVERSION = YES;
				CLANG_WARN_INFINITE_RECURSION = YES;
				CLANG_WARN_INT_CONVERSION = YES;
				CLANG_WARN_NON_LITERAL_NULL_CONVERSION = YES;
				CLANG_WARN_OBJC_IMPLICIT_RETAIN_SELF = YES;
				CLANG_WARN_OBJC_LITERAL_CONVERSION = YES;
				CLANG_WARN_OBJC_ROOT_CLASS = YES_ERROR;
				CLANG_WARN_RANGE_LOOP_ANALYSIS = YES;
				CLANG_WARN_STRICT_PROTOTYPES = YES;
				CLANG_WARN_SUSPICIOUS_MOVE = YES;
				CLANG_WARN_UNGUARDED_AVAILABILITY = YES_AGGRESSIVE;
				CLANG_WARN_UNREACHABLE_CODE = YES;
				CLANG_WARN__DUPLICATE_METHOD_MATCH = YES;
				COPY_PHASE_STRIP = NO;
				DEBUG_INFORMATION_FORMAT = "dwarf-with-dsym";
				ENABLE_NS_ASSERTIONS = NO;
				ENABLE_STRICT_OBJC_MSGSEND = YES;
				GCC_C_LANGUAGE_STANDARD = gnu11;
				GCC_NO_COMMON_BLOCKS = YES;
				GCC_WARN_64_TO_32_BIT_CONVERSION = YES;
				GCC_WARN_ABOUT_RETURN_TYPE = YES_ERROR;
				GCC_WARN_UNDECLARED_SELECTOR = YES;
				GCC_WARN_UNINITIALIZED_AUTOS = YES_AGGRESSIVE;
				GCC_WARN_UNUSED_FUNCTION = YES;
				GCC_WARN_UNUSED_VARIABLE = YES;
				IPHONEOS_DEPLOYMENT_TARGET = 13.6;
				MTL_ENABLE_DEBUG_INFO = NO;
				MTL_FAST_MATH = YES;
				SDKROOT = iphoneos;
				SWIFT_COMPILATION_MODE = wholemodule;
				SWIFT_OPTIMIZATION_LEVEL = "-O";
				VALIDATE_PRODUCT = YES;
			};
			name = Release;
		};
		5F18934724DABD87008893BB /* Debug */ = {
			isa = XCBuildConfiguration;
			buildSettings = {
				ASSETCATALOG_COMPILER_APPICON_NAME = AppIcon;
				CODE_SIGN_STYLE = Automatic;
				DEVELOPMENT_TEAM = MDJHKWEU8A;
				INFOPLIST_FILE = Mixer/Info.plist;
				LD_RUNPATH_SEARCH_PATHS = (
					"$(inherited)",
					"@executable_path/Frameworks",
				);
				PRODUCT_BUNDLE_IDENTIFIER = com.appbantu.Mixer;
				PRODUCT_NAME = "$(TARGET_NAME)";
				SWIFT_VERSION = 5.0;
				TARGETED_DEVICE_FAMILY = "1,2";
			};
			name = Debug;
		};
		5F18934824DABD87008893BB /* Release */ = {
			isa = XCBuildConfiguration;
			buildSettings = {
				ASSETCATALOG_COMPILER_APPICON_NAME = AppIcon;
				CODE_SIGN_STYLE = Automatic;
				DEVELOPMENT_TEAM = MDJHKWEU8A;
				INFOPLIST_FILE = Mixer/Info.plist;
				LD_RUNPATH_SEARCH_PATHS = (
					"$(inherited)",
					"@executable_path/Frameworks",
				);
				PRODUCT_BUNDLE_IDENTIFIER = com.appbantu.Mixer;
				PRODUCT_NAME = "$(TARGET_NAME)";
				SWIFT_VERSION = 5.0;
				TARGETED_DEVICE_FAMILY = "1,2";
			};
			name = Release;
		};
/* End XCBuildConfiguration section */

/* Begin XCConfigurationList section */
		5F18932D24DABD87008893BB /* Build configuration list for PBXProject "Mixer" */ = {
			isa = XCConfigurationList;
			buildConfigurations = (
				5F18934424DABD87008893BB /* Debug */,
				5F18934524DABD87008893BB /* Release */,
			);
			defaultConfigurationIsVisible = 0;
			defaultConfigurationName = Release;
		};
		5F18934624DABD87008893BB /* Build configuration list for PBXNativeTarget "Mixer" */ = {
			isa = XCConfigurationList;
			buildConfigurations = (
				5F18934724DABD87008893BB /* Debug */,
				5F18934824DABD87008893BB /* Release */,
			);
			defaultConfigurationIsVisible = 0;
			defaultConfigurationName = Release;
		};
/* End XCConfigurationList section */
	};
	rootObject = 5F18932A24DABD87008893BB /* Project object */;
}
